
Microsoft Visual Studio Solution File, Format Version 12.00
# Visual Studio 15
VisualStudioVersion = 15.0.28010.2048
MinimumVisualStudioVersion = 10.0.40219.1
Project("{FAE04EC0-301F-11D3-BF4B-00C04F79EFBC}") = "PokerHand", "PokerHand\PokerHand.csproj", "{1A335B45-9E30-4680-AD41-B72DA9C7AF2E}"
EndProject
Global
	GlobalSection(SolutionConfigurationPlatforms) = preSolution
		Debug|Any CPU = Debug|Any CPU
		Release|Any CPU = Release|Any CPU
	EndGlobalSection
	GlobalSection(ProjectConfigurationPlatforms) = postSolution
		{1A335B45-9E30-4680-AD41-B72DA9C7AF2E}.Debug|Any CPU.ActiveCfg = Debug|Any CPU
		{1A335B45-9E30-4680-AD41-B72DA9C7AF2E}.Debug|Any CPU.Build.0 = Debug|Any CPU
		{1A335B45-9E30-4680-AD41-B72DA9C7AF2E}.Release|Any CPU.ActiveCfg = Release|Any CPU
		{1A335B45-9E30-4680-AD41-B72DA9C7AF2E}.Release|Any CPU.Build.0 = Release|Any CPU
	EndGlobalSection
	GlobalSection(SolutionProperties) = preSolution
		HideSolutionNode = FALSE
	EndGlobalSection
	GlobalSection(ExtensibilityGlobals) = postSolution
		SolutionGuid = {2DD8953B-7740-4D41-BF67-462095EE0E76}
	EndGlobalSection
EndGlobal
